{"sdkfabric/openai":{"baseUrl":"https://api.openai.com/","security":{"type":"httpBearer"},"operations":{"completions.create":{"path":"/v1/chat/completions","method":"POST","return":{"code":200,"schema":{"type":"reference","target":"Completion_Response"}},"arguments":{"payload":{"in":"body","schema":{"type":"reference","target":"Completion_Request"}}},"throws":[],"description":"Creates a model response for the given chat conversation.","stability":1,"security":[],"authorization":true,"tags":[]},"completions.getAll":{"path":"/v1/chat/completions","method":"GET","return":{"code":200,"schema":{"type":"reference","target":"Completion_Collection"}},"arguments":{"after":{"in":"query","schema":{"type":"string"}},"limit":{"in":"query","schema":{"type":"integer"}},"model":{"in":"query","schema":{"type":"string"}},"order":{"in":"query","schema":{"type":"string"}}},"throws":[],"description":"List stored Chat Completions. Only Chat Completions that have been stored with the store parameter set to true will be returned.","stability":1,"security":[],"authorization":true,"tags":[]},"completions.delete":{"path":"/v1/chat/completions/:completion_id","method":"DELETE","return":{"code":200,"schema":{"type":"reference","target":"Completion_Deleted"}},"arguments":{"completion_id":{"in":"path","schema":{"type":"string"}}},"throws":[],"description":"Delete a stored chat completion. Only Chat Completions that have been created with the store parameter set to true can be deleted.","stability":1,"security":[],"authorization":true,"tags":[]}},"definitions":{"Completion_Choice":{"description":"","type":"struct","properties":{"index":{"description":"","type":"integer"},"message":{"description":"","type":"reference","target":"Completion_Message"},"finish_reason":{"description":"","type":"string"}}},"Completion_Collection":{"description":"","type":"struct","properties":{"object":{"description":"The type of this object. It is always set to \"list\".","type":"string"},"data":{"description":"An array of chat completion objects.","type":"array","schema":{"type":"reference","target":"Completion_Response"}},"first_id":{"description":"The identifier of the first chat completion in the data array.","type":"string"},"last_id":{"description":"The identifier of the last chat completion in the data array.","type":"string"},"has_more":{"description":"Indicates whether there are more Chat Completions available.","type":"boolean"}}},"Completion_Deleted":{"description":"","type":"struct","properties":{"object":{"description":"","type":"string"},"id":{"description":"","type":"string"},"deleted":{"description":"","type":"boolean"}}},"Completion_Message":{"description":"","type":"struct","properties":{"role":{"description":"","type":"string"},"content":{"description":"","type":"string"}}},"Completion_Request":{"description":"","type":"struct","properties":{"model":{"description":"","type":"string"},"messages":{"description":"","type":"array","schema":{"type":"reference","target":"Completion_Message"}},"frequency_penalty":{"description":"","type":"number"},"logit_bias":{"description":"","type":"map","schema":{"type":"integer"}},"logprobs":{"description":"","type":"boolean"},"max_completion_tokens":{"description":"","type":"integer"},"metadata":{"description":"","type":"map","schema":{"type":"string"}},"presence_penalty":{"description":"","type":"number"},"reasoning_effort":{"description":"","type":"string"},"seed":{"description":"","type":"integer"},"service_tier":{"description":"","type":"string"},"stop":{"description":"","type":"array","schema":{"type":"string"}},"store":{"description":"","type":"boolean"},"temperature":{"description":"","type":"number"},"top_logprobs":{"description":"","type":"integer"},"top_p":{"description":"","type":"number"},"user":{"description":"","type":"string"}}},"Completion_Response":{"description":"","type":"struct","properties":{"id":{"description":"","type":"string"},"object":{"description":"","type":"string"},"created":{"description":"","type":"integer"},"model":{"description":"","type":"string"},"choices":{"description":"","type":"array","schema":{"type":"reference","target":"Completion_Choice"}},"usage":{"description":"","type":"reference","target":"Completion_Usage"},"service_tier":{"description":"","type":"string"},"system_fingerprint":{"description":"","type":"string"}}},"Completion_Tokens_Details":{"description":"","type":"struct","properties":{"accepted_prediction_tokens":{"description":"","type":"integer"},"audio_tokens":{"description":"","type":"integer"},"reasoning_tokens":{"description":"","type":"integer"},"rejected_prediction_tokens":{"description":"","type":"integer"}}},"Completion_Usage":{"description":"","type":"struct","properties":{"completion_tokens":{"description":"","type":"integer"},"prompt_tokens":{"description":"","type":"integer"},"total_tokens":{"description":"","type":"integer"},"completion_tokens_details":{"description":"","type":"reference","target":"Completion_Tokens_Details"},"prompt_tokens_details":{"description":"","type":"reference","target":"Prompt_Tokens_Details"}}},"Prompt_Tokens_Details":{"description":"","type":"struct","properties":{"audio_tokens":{"description":"","type":"integer"},"cached_tokens":{"description":"","type":"integer"}}}}}}